
Microsoft Visual Studio Solution File, Format Version 12.00
# Visual Studio Version 17
VisualStudioVersion = 17.0.32014.148
MinimumVisualStudioVersion = 10.0.40219.1
Project("{FAE04EC0-301F-11D3-BF4B-00C04F79EFBC}") = "dotnet6-auth", "dotnet6-auth.csproj", "{7F304625-C8A1-4699-9AA1-79CED11B04A0}"
EndProject
Global
	GlobalSection(SolutionConfigurationPlatforms) = preSolution
		Debug|Any CPU = Debug|Any CPU
		Release|Any CPU = Release|Any CPU
	EndGlobalSection
	GlobalSection(ProjectConfigurationPlatforms) = postSolution
		{7F304625-C8A1-4699-9AA1-79CED11B04A0}.Debug|Any CPU.ActiveCfg = Debug|Any CPU
		{7F304625-C8A1-4699-9AA1-79CED11B04A0}.Debug|Any CPU.Build.0 = Debug|Any CPU
		{7F304625-C8A1-4699-9AA1-79CED11B04A0}.Release|Any CPU.ActiveCfg = Release|Any CPU
		{7F304625-C8A1-4699-9AA1-79CED11B04A0}.Release|Any CPU.Build.0 = Release|Any CPU
	EndGlobalSection
	GlobalSection(SolutionProperties) = preSolution
		HideSolutionNode = FALSE
	EndGlobalSection
	GlobalSection(ExtensibilityGlobals) = postSolution
		SolutionGuid = {D6844CC6-332A-4D55-B51A-1B041AB1C498}
	EndGlobalSection
EndGlobal
